
Microsoft Visual Studio Solution File, Format Version 12.00
# Visual Studio Version 17
VisualStudioVersion = 17.3.32929.385
MinimumVisualStudioVersion = 10.0.40219.1
Project("{9A19103F-16F7-4668-BE54-9A1E7A4F7556}") = "Demo.PL", "Demo.PL.csproj", "{47FA7170-6E40-40B0-8CE1-3B6CFEE71E99}"
EndProject
Project("{9A19103F-16F7-4668-BE54-9A1E7A4F7556}") = "Demo.DAL", "..\Demo.DAL\Demo.DAL.csproj", "{5276FECC-F4EB-4C49-A579-13EF5B269759}"
EndProject
Project("{9A19103F-16F7-4668-BE54-9A1E7A4F7556}") = "Demo.BLL", "..\Demo.BLL\Demo.BLL.csproj", "{DE6E5114-B3B1-410D-A8B8-6B4E5AD9F15C}"
EndProject
Global
	GlobalSection(SolutionConfigurationPlatforms) = preSolution
		Debug|Any CPU = Debug|Any CPU
		Release|Any CPU = Release|Any CPU
	EndGlobalSection
	GlobalSection(ProjectConfigurationPlatforms) = postSolution
		{47FA7170-6E40-40B0-8CE1-3B6CFEE71E99}.Debug|Any CPU.ActiveCfg = Debug|Any CPU
		{47FA7170-6E40-40B0-8CE1-3B6CFEE71E99}.Debug|Any CPU.Build.0 = Debug|Any CPU
		{47FA7170-6E40-40B0-8CE1-3B6CFEE71E99}.Release|Any CPU.ActiveCfg = Release|Any CPU
		{47FA7170-6E40-40B0-8CE1-3B6CFEE71E99}.Release|Any CPU.Build.0 = Release|Any CPU
		{5276FECC-F4EB-4C49-A579-13EF5B269759}.Debug|Any CPU.ActiveCfg = Debug|Any CPU
		{5276FECC-F4EB-4C49-A579-13EF5B269759}.Debug|Any CPU.Build.0 = Debug|Any CPU
		{5276FECC-F4EB-4C49-A579-13EF5B269759}.Release|Any CPU.ActiveCfg = Release|Any CPU
		{5276FECC-F4EB-4C49-A579-13EF5B269759}.Release|Any CPU.Build.0 = Release|Any CPU
		{DE6E5114-B3B1-410D-A8B8-6B4E5AD9F15C}.Debug|Any CPU.ActiveCfg = Debug|Any CPU
		{DE6E5114-B3B1-410D-A8B8-6B4E5AD9F15C}.Debug|Any CPU.Build.0 = Debug|Any CPU
		{DE6E5114-B3B1-410D-A8B8-6B4E5AD9F15C}.Release|Any CPU.ActiveCfg = Release|Any CPU
		{DE6E5114-B3B1-410D-A8B8-6B4E5AD9F15C}.Release|Any CPU.Build.0 = Release|Any CPU
	EndGlobalSection
	GlobalSection(SolutionProperties) = preSolution
		HideSolutionNode = FALSE
	EndGlobalSection
	GlobalSection(ExtensibilityGlobals) = postSolution
		SolutionGuid = {5D261E17-3603-47F1-BACA-073C832668E7}
	EndGlobalSection
EndGlobal
